
Microsoft Visual Studio Solution File, Format Version 12.00
# Visual Studio Version 16
VisualStudioVersion = 16.0.29709.97
MinimumVisualStudioVersion = 10.0.40219.1
Project("{FAE04EC0-301F-11D3-BF4B-00C04F79EFBC}") = "RudDmytro_INCHKIEV_TEST", "RudDmytro_INCHKIEV_TEST\RudDmytro_INCHKIEV_TEST.csproj", "{2FB00527-86B3-4D6D-B429-F5C4B6707F82}"
EndProject
Global
	GlobalSection(SolutionConfigurationPlatforms) = preSolution
		Debug|Any CPU = Debug|Any CPU
		Release|Any CPU = Release|Any CPU
	EndGlobalSection
	GlobalSection(ProjectConfigurationPlatforms) = postSolution
		{2FB00527-86B3-4D6D-B429-F5C4B6707F82}.Debug|Any CPU.ActiveCfg = Debug|Any CPU
		{2FB00527-86B3-4D6D-B429-F5C4B6707F82}.Debug|Any CPU.Build.0 = Debug|Any CPU
		{2FB00527-86B3-4D6D-B429-F5C4B6707F82}.Release|Any CPU.ActiveCfg = Release|Any CPU
		{2FB00527-86B3-4D6D-B429-F5C4B6707F82}.Release|Any CPU.Build.0 = Release|Any CPU
	EndGlobalSection
	GlobalSection(SolutionProperties) = preSolution
		HideSolutionNode = FALSE
	EndGlobalSection
	GlobalSection(ExtensibilityGlobals) = postSolution
		SolutionGuid = {0B7D076C-093E-43E3-8630-61A0D5BE188F}
	EndGlobalSection
EndGlobal
